<Solution>
  <Folder Name="/src/">
    <Project Path="src/Nursery.Api.Host/Nursery.Api.Host.csproj" Id="30cc42c1-87e4-450c-86ad-6c4977cc3038" />
    <Project Path="src/Nursery.Web.Host/Nursery.Web.Host.csproj" Id="4b014ed5-038f-446b-aad6-ee45946ac786" />
  </Folder>
  <Folder Name="/src/BuildingBlocks/">
    <Project Path="src/BuildingBlocks/BuildingBlocks.Common/BuildingBlocks.Common.csproj" />
    <Project Path="src/BuildingBlocks/BuildingBlocks.Utility/BuildingBlocks.Utility.csproj" Id="218b101e-b15c-49c4-95a2-2b3827a0c5cd" />
    <Project Path="src/BuildingBlocks/Nursery.ShareKernel/Nursery.ShareKernel.csproj" Id="bce6283f-fa26-43cc-bfea-3b05e2813533" />
  </Folder>
  <Folder Name="/src/Modules/" />
  <Folder Name="/src/Modules/Catalog/">
    <Project Path="src/Modules/Catalog/Nursery.Catalog.Api/Nursery.Catalog.Api.csproj" />
    <Project Path="src/Modules/Catalog/Nursery.Catalog.Application/Nursery.Catalog.Application.csproj" />
    <Project Path="src/Modules/Catalog/Nursery.Catalog.Domain/Nursery.Catalog.Domain.csproj" />
    <Project Path="src/Modules/Catalog/Nursery.Catalog.Infrastructure/Nursery.Catalog.Infrastructure.csproj" />
  </Folder>
  <Folder Name="/src/Modules/Customer/">
    <Project Path="src/Modules/Customer/Customer.API/Customer.API.csproj" Id="b4353454-8fbb-446b-94af-82e68c303c7d" />
    <Project Path="src/Modules/Customer/Customer.Application/Customer.Application.csproj" Id="3cc7c0b4-3b33-4dd5-bbe6-c073886890d7" />
    <Project Path="src/Modules/Customer/Customer.Domain/Customer.Domain.csproj" Id="226b8c8a-d125-4ca5-8c57-89b0ca2e0ffc" />
    <Project Path="src/Modules/Customer/Customer.Infrastructure/Customer.Infrastructure.csproj" Id="fcc3b424-40a8-4cad-a0cd-ee0d552bc289" />
  </Folder>
  <Folder Name="/src/Modules/Identity/">
    <Project Path="src/Modules/Identity/Nursery.Identity/Nursery.Identity.csproj" Id="ca54c75f-5caa-421c-b861-354a16c9aab4" />
  </Folder>
  <Folder Name="/src/Modules/Orders/">
    <Project Path="src/Modules/Orders/Nursery.Orders.API/Nursery.Orders.API.csproj" Id="3956e922-07a2-487e-bc7b-163d771b6f24" />
    <Project Path="src/Modules/Orders/Nursery.Orders.Application/Nursery.Orders.Application.csproj" Id="c27954fe-9a6c-436b-9204-f790930f23bf" />
    <Project Path="src/Modules/Orders/Nursery.Orders.Domain/Nursery.Orders.Domain.csproj" Id="63e82d67-07cc-4753-8470-026f1ec2e525" />
    <Project Path="src/Modules/Orders/Nursery.Orders.Infrastructure/Nursery.Orders.Infrastructure.csproj" Id="d42c65d7-b2cf-4b75-af1d-c6975268aa72" />
  </Folder>
  <Folder Name="/src/Modules/Payment/">
    <Project Path="src/Modules/Payment/Nursery.Payment.Api/Nursery.Payment.Api.csproj" />
  </Folder>
  <Folder Name="/src/Modules/Shippings/">
    <Project Path="src/Modules/Shippings/Nursery.Shippings.API/Nursery.Shippings.API.csproj" Id="e06851a4-9a5a-4016-b10a-7f0c5d0ee4a4" />
    <Project Path="src/Modules/Shippings/Nursery.Shippings.Application/Nursery.Shippings.Application.csproj" Id="438b14bd-5eb8-4ab5-bdd0-5205f60149a4" />
    <Project Path="src/Modules/Shippings/Nursery.Shippings.Domain/Nursery.Shippings.Domain.csproj" Id="1e36b3c7-350e-4587-839a-008e512c6e3b" />
    <Project Path="src/Modules/Shippings/Nursery.Shippings.Infrastucture/Nursery.Shippings.Infrastucture.csproj" Id="8871ac29-e9ec-4ca7-a8b2-83556f7c5371" />
  </Folder>
  <Project Path="docker-compose.dcproj">
    <Build />
  </Project>
</Solution>
